{
  "name": "omp-lilac-provider",
  "version": "1.0.0",
  "lockfileVersion": 3,
  "requires": true,
  "packages": {
    "": {
      "name": "omp-lilac-provider",
      "version": "1.0.0",
      "license": "MIT",
      "dependencies": {
        "@honcho-ai/sdk": "^2.1.2"
      },
      "devDependencies": {
        "@types/node": "^25.9.3",
        "typescript": "^6.0.3"
      }
    },
    "node_modules/@honcho-ai/sdk": {
      "version": "2.1.2",
      "resolved": "https://registry.npmjs.org/@honcho-ai/sdk/-/sdk-2.1.2.tgz",
      "integrity": "sha512-+aRpqK1UgRk0b21RYsQy6OeSXTHARQwPcC4Tv+dSR2QFA2q0kM9oUqPBuGG8boiRBrag7DTthx8g1E/Nwoz7OQ==",
      "license": "Apache-2.0",
      "dependencies": {
        "zod": "4.0.0"
      }
    },
    "node_modules/@types/node": {
      "version": "25.9.3",
      "resolved": "https://registry.npmjs.org/@types/node/-/node-25.9.3.tgz",
      "integrity": "sha512-603BddQMv3pUcr4U2dhujk83N2tTDVr/34wII2B6bJy6g+8WD6yUb11jszNs0gdi4PesVWl7ABt8nYMVpnLUcg==",
      "dev": true,
      "license": "MIT",
      "dependencies": {
        "undici-types": ">=7.24.0 <7.24.7"
      }
    },
    "node_modules/typescript": {
      "version": "6.0.3",
      "resolved": "https://registry.npmjs.org/typescript/-/typescript-6.0.3.tgz",
      "integrity": "sha512-y2TvuxSZPDyQakkFRPZHKFm+KKVqIisdg9/CZwm9ftvKXLP8NRWj38/ODjNbr43SsoXqNuAisEf1GdCxqWcdBw==",
      "dev": true,
      "license": "Apache-2.0",
      "bin": {
        "tsc": "bin/tsc",
        "tsserver": "bin/tsserver"
      },
      "engines": {
        "node": ">=14.17"
      }
    },
    "node_modules/undici-types": {
      "version": "7.24.6",
      "resolved": "https://registry.npmjs.org/undici-types/-/undici-types-7.24.6.tgz",
      "integrity": "sha512-WRNW+sJgj5OBN4/0JpHFqtqzhpbnV0GuB+OozA9gCL7a993SmU+1JBZCzLNxYsbMfIeDL+lTsphD5jN5N+n0zg==",
      "dev": true,
      "license": "MIT"
    },
    "node_modules/zod": {
      "version": "4.0.0",
      "resolved": "https://registry.npmjs.org/zod/-/zod-4.0.0.tgz",
      "integrity": "sha512-9diLdTPc/L7w/5jI4C3gHYNiGHDV9IZYxo1e5LSD8cabi65WVTWWb+g2BGPEpUUCOxR4D+6O5B0AzyMdUAXwrw==",
      "license": "MIT",
      "funding": {
        "url": "https://github.com/sponsors/colinhacks"
      }
    }
  }
}
